
Microsoft Visual Studio Solution File, Format Version 12.00
# Visual Studio Version 17
VisualStudioVersion = 17.6.33723.286
MinimumVisualStudioVersion = 10.0.40219.1
Project("{9A19103F-16F7-4668-BE54-9A1E7A4F7556}") = "GamesGlobal", "GamesGlobal\GamesGlobal.csproj", "{FBC7599C-5820-4B8B-B590-28E931176D83}"
EndProject
Project("{E53339B2-1760-4266-BCC7-CA923CBCF16C}") = "docker-compose", "docker-compose.dcproj", "{C39130FC-C763-4212-B3CD-AF54E6FDD480}"
EndProject
Global
	GlobalSection(SolutionConfigurationPlatforms) = preSolution
		Debug|Any CPU = Debug|Any CPU
		Release|Any CPU = Release|Any CPU
	EndGlobalSection
	GlobalSection(ProjectConfigurationPlatforms) = postSolution
		{FBC7599C-5820-4B8B-B590-28E931176D83}.Debug|Any CPU.ActiveCfg = Debug|Any CPU
		{FBC7599C-5820-4B8B-B590-28E931176D83}.Debug|Any CPU.Build.0 = Debug|Any CPU
		{FBC7599C-5820-4B8B-B590-28E931176D83}.Release|Any CPU.ActiveCfg = Release|Any CPU
		{FBC7599C-5820-4B8B-B590-28E931176D83}.Release|Any CPU.Build.0 = Release|Any CPU
		{C39130FC-C763-4212-B3CD-AF54E6FDD480}.Debug|Any CPU.ActiveCfg = Debug|Any CPU
		{C39130FC-C763-4212-B3CD-AF54E6FDD480}.Debug|Any CPU.Build.0 = Debug|Any CPU
		{C39130FC-C763-4212-B3CD-AF54E6FDD480}.Release|Any CPU.ActiveCfg = Release|Any CPU
		{C39130FC-C763-4212-B3CD-AF54E6FDD480}.Release|Any CPU.Build.0 = Release|Any CPU
	EndGlobalSection
	GlobalSection(SolutionProperties) = preSolution
		HideSolutionNode = FALSE
	EndGlobalSection
	GlobalSection(ExtensibilityGlobals) = postSolution
		SolutionGuid = {7141A63D-2958-4330-93FE-BC102F238C61}
	EndGlobalSection
EndGlobal
